
Microsoft Visual Studio Solution File, Format Version 12.00
# Visual Studio Version 17
VisualStudioVersion = 17.2.32526.322
MinimumVisualStudioVersion = 10.0.40219.1
Project("{FAE04EC0-301F-11D3-BF4B-00C04F79EFBC}") = "Ejercisio1", "Ejercisio1\Ejercisio1.csproj", "{C9EA26E0-8444-46E9-AEC6-E05E9AC38531}"
EndProject
Project("{FAE04EC0-301F-11D3-BF4B-00C04F79EFBC}") = "Ejercisio2", "Ejerciso2\Ejercisio2.csproj", "{B4ABA10E-EBBB-4189-A158-0B0D5EBD20EE}"
EndProject
Project("{FAE04EC0-301F-11D3-BF4B-00C04F79EFBC}") = "Ejercisio3", "Ejercisio3\Ejercisio3.csproj", "{D8F10256-B545-4F7C-B0CD-7CDC48ED0FA6}"
EndProject
Global
	GlobalSection(SolutionConfigurationPlatforms) = preSolution
		Debug|Any CPU = Debug|Any CPU
		Release|Any CPU = Release|Any CPU
	EndGlobalSection
	GlobalSection(ProjectConfigurationPlatforms) = postSolution
		{C9EA26E0-8444-46E9-AEC6-E05E9AC38531}.Debug|Any CPU.ActiveCfg = Debug|Any CPU
		{C9EA26E0-8444-46E9-AEC6-E05E9AC38531}.Debug|Any CPU.Build.0 = Debug|Any CPU
		{C9EA26E0-8444-46E9-AEC6-E05E9AC38531}.Release|Any CPU.ActiveCfg = Release|Any CPU
		{C9EA26E0-8444-46E9-AEC6-E05E9AC38531}.Release|Any CPU.Build.0 = Release|Any CPU
		{B4ABA10E-EBBB-4189-A158-0B0D5EBD20EE}.Debug|Any CPU.ActiveCfg = Debug|Any CPU
		{B4ABA10E-EBBB-4189-A158-0B0D5EBD20EE}.Debug|Any CPU.Build.0 = Debug|Any CPU
		{B4ABA10E-EBBB-4189-A158-0B0D5EBD20EE}.Release|Any CPU.ActiveCfg = Release|Any CPU
		{B4ABA10E-EBBB-4189-A158-0B0D5EBD20EE}.Release|Any CPU.Build.0 = Release|Any CPU
		{D8F10256-B545-4F7C-B0CD-7CDC48ED0FA6}.Debug|Any CPU.ActiveCfg = Debug|Any CPU
		{D8F10256-B545-4F7C-B0CD-7CDC48ED0FA6}.Debug|Any CPU.Build.0 = Debug|Any CPU
		{D8F10256-B545-4F7C-B0CD-7CDC48ED0FA6}.Release|Any CPU.ActiveCfg = Release|Any CPU
		{D8F10256-B545-4F7C-B0CD-7CDC48ED0FA6}.Release|Any CPU.Build.0 = Release|Any CPU
	EndGlobalSection
	GlobalSection(SolutionProperties) = preSolution
		HideSolutionNode = FALSE
	EndGlobalSection
	GlobalSection(ExtensibilityGlobals) = postSolution
		SolutionGuid = {596CD099-4026-412F-93E6-7E9F47B4F879}
	EndGlobalSection
EndGlobal
