
Microsoft Visual Studio Solution File, Format Version 12.00
# Visual Studio Version 17
VisualStudioVersion = 17.2.32526.322
MinimumVisualStudioVersion = 10.0.40219.1
Project("{FAE04EC0-301F-11D3-BF4B-00C04F79EFBC}") = "Ejercisio1", "Clase1\Ejercisio1.csproj", "{A6554EE2-C6AA-498A-B597-C6167CCB7072}"
EndProject
Project("{FAE04EC0-301F-11D3-BF4B-00C04F79EFBC}") = "Ejercisio2", "Ejercisio2\Ejercisio2.csproj", "{20077EF8-52C1-4108-A7A0-3C0BA6A79CDB}"
EndProject
Global
	GlobalSection(SolutionConfigurationPlatforms) = preSolution
		Debug|Any CPU = Debug|Any CPU
		Release|Any CPU = Release|Any CPU
	EndGlobalSection
	GlobalSection(ProjectConfigurationPlatforms) = postSolution
		{A6554EE2-C6AA-498A-B597-C6167CCB7072}.Debug|Any CPU.ActiveCfg = Debug|Any CPU
		{A6554EE2-C6AA-498A-B597-C6167CCB7072}.Debug|Any CPU.Build.0 = Debug|Any CPU
		{A6554EE2-C6AA-498A-B597-C6167CCB7072}.Release|Any CPU.ActiveCfg = Release|Any CPU
		{A6554EE2-C6AA-498A-B597-C6167CCB7072}.Release|Any CPU.Build.0 = Release|Any CPU
		{20077EF8-52C1-4108-A7A0-3C0BA6A79CDB}.Debug|Any CPU.ActiveCfg = Debug|Any CPU
		{20077EF8-52C1-4108-A7A0-3C0BA6A79CDB}.Debug|Any CPU.Build.0 = Debug|Any CPU
		{20077EF8-52C1-4108-A7A0-3C0BA6A79CDB}.Release|Any CPU.ActiveCfg = Release|Any CPU
		{20077EF8-52C1-4108-A7A0-3C0BA6A79CDB}.Release|Any CPU.Build.0 = Release|Any CPU
	EndGlobalSection
	GlobalSection(SolutionProperties) = preSolution
		HideSolutionNode = FALSE
	EndGlobalSection
	GlobalSection(ExtensibilityGlobals) = postSolution
		SolutionGuid = {77779AA1-9523-4249-A2C6-1E54F8DDE6B3}
	EndGlobalSection
EndGlobal
